
Microsoft Visual Studio Solution File, Format Version 12.00
# Visual Studio Version 16
VisualStudioVersion = 16.0.31112.23
MinimumVisualStudioVersion = 10.0.40219.1
Project("{FAE04EC0-301F-11D3-BF4B-00C04F79EFBC}") = "Great_ObalekeO", "Great_ObalekeO.csproj", "{3D756FBF-5D81-4D36-A32B-96AE41CB42FE}"
EndProject
Global
	GlobalSection(SolutionConfigurationPlatforms) = preSolution
		Debug|Any CPU = Debug|Any CPU
		Release|Any CPU = Release|Any CPU
	EndGlobalSection
	GlobalSection(ProjectConfigurationPlatforms) = postSolution
		{3D756FBF-5D81-4D36-A32B-96AE41CB42FE}.Debug|Any CPU.ActiveCfg = Debug|Any CPU
		{3D756FBF-5D81-4D36-A32B-96AE41CB42FE}.Debug|Any CPU.Build.0 = Debug|Any CPU
		{3D756FBF-5D81-4D36-A32B-96AE41CB42FE}.Release|Any CPU.ActiveCfg = Release|Any CPU
		{3D756FBF-5D81-4D36-A32B-96AE41CB42FE}.Release|Any CPU.Build.0 = Release|Any CPU
	EndGlobalSection
	GlobalSection(SolutionProperties) = preSolution
		HideSolutionNode = FALSE
	EndGlobalSection
	GlobalSection(ExtensibilityGlobals) = postSolution
		SolutionGuid = {351C5AC7-FD2E-43AF-8795-1C2F60231297}
	EndGlobalSection
EndGlobal
